// !$*UTF8*$!
{
	archiveVersion = 1;
	classes = {
	};
	objectVersion = 50;
	objects = {

/* Begin PBXBuildFile section */
		D403064C26686E69006E506B /* main.c in Sources */ = {isa = PBXBuildFile; fileRef = D403064B26686E69006E506B /* main.c */; };
		D4C00A0426824FA600F96026 /* rot_charge.c in Sources */ = {isa = PBXBuildFile; fileRef = D4C00A0326824FA600F96026 /* rot_charge.c */; };
		D4DFC9DC266A744300EA3057 /* global_variables.c in Sources */ = {isa = PBXBuildFile; fileRef = D4DFC9DB266A744300EA3057 /* global_variables.c */; };
		D4DFC9DF266A762600EA3057 /* constantes.c in Sources */ = {isa = PBXBuildFile; fileRef = D4DFC9DD266A762600EA3057 /* constantes.c */; };
/* End PBXBuildFile section */

/* Begin PBXCopyFilesBuildPhase section */
		D403064626686E69006E506B /* CopyFiles */ = {
			isa = PBXCopyFilesBuildPhase;
			buildActionMask = 2147483647;
			dstPath = /usr/share/man/man1/;
			dstSubfolderSpec = 0;
			files = (
			);
			runOnlyForDeploymentPostprocessing = 1;
		};
/* End PBXCopyFilesBuildPhase section */

/* Begin PBXFileReference section */
		D403064826686E69006E506B /* AGMobi */ = {isa = PBXFileReference; explicitFileType = "compiled.mach-o.executable"; includeInIndex = 0; path = AGMobi; sourceTree = BUILT_PRODUCTS_DIR; };
		D403064B26686E69006E506B /* main.c */ = {isa = PBXFileReference; lastKnownFileType = sourcecode.c.c; path = main.c; sourceTree = "<group>"; };
		D403065226687887006E506B /* functions.h */ = {isa = PBXFileReference; lastKnownFileType = sourcecode.c.h; path = functions.h; sourceTree = "<group>"; };
		D4C009FA2682231D00F96026 /* boot.h */ = {isa = PBXFileReference; lastKnownFileType = sourcecode.c.h; path = boot.h; sourceTree = "<group>"; };
		D4C00A0326824FA600F96026 /* rot_charge.c */ = {isa = PBXFileReference; lastKnownFileType = sourcecode.c.c; path = rot_charge.c; sourceTree = "<group>"; };
		D4DFC9DA266A744300EA3057 /* global_variables.h */ = {isa = PBXFileReference; fileEncoding = 4; lastKnownFileType = sourcecode.c.h; path = global_variables.h; sourceTree = "<group>"; };
		D4DFC9DB266A744300EA3057 /* global_variables.c */ = {isa = PBXFileReference; fileEncoding = 4; lastKnownFileType = sourcecode.c.c; path = global_variables.c; sourceTree = "<group>"; };
		D4DFC9DD266A762600EA3057 /* constantes.c */ = {isa = PBXFileReference; fileEncoding = 4; lastKnownFileType = sourcecode.c.c; path = constantes.c; sourceTree = "<group>"; };
		D4DFC9DE266A762600EA3057 /* constantes.h */ = {isa = PBXFileReference; fileEncoding = 4; lastKnownFileType = sourcecode.c.h; path = constantes.h; sourceTree = "<group>"; };
/* End PBXFileReference section */

/* Begin PBXFrameworksBuildPhase section */
		D403064526686E69006E506B /* Frameworks */ = {
			isa = PBXFrameworksBuildPhase;
			buildActionMask = 2147483647;
			files = (
			);
			runOnlyForDeploymentPostprocessing = 0;
		};
/* End PBXFrameworksBuildPhase section */

/* Begin PBXGroup section */
		D403063F26686E69006E506B = {
			isa = PBXGroup;
			children = (
				D403064A26686E69006E506B /* AGMobi */,
				D403064926686E69006E506B /* Products */,
			);
			sourceTree = "<group>";
		};
		D403064926686E69006E506B /* Products */ = {
			isa = PBXGroup;
			children = (
				D403064826686E69006E506B /* AGMobi */,
			);
			name = Products;
			sourceTree = "<group>";
		};
		D403064A26686E69006E506B /* AGMobi */ = {
			isa = PBXGroup;
			children = (
				D4DFC9DD266A762600EA3057 /* constantes.c */,
				D4DFC9DE266A762600EA3057 /* constantes.h */,
				D4DFC9DB266A744300EA3057 /* global_variables.c */,
				D4DFC9DA266A744300EA3057 /* global_variables.h */,
				D403064B26686E69006E506B /* main.c */,
				D403065226687887006E506B /* functions.h */,
				D4C009FA2682231D00F96026 /* boot.h */,
				D4C00A0326824FA600F96026 /* rot_charge.c */,
			);
			path = AGMobi;
			sourceTree = "<group>";
		};
/* End PBXGroup section */

/* Begin PBXNativeTarget section */
		D403064726686E69006E506B /* AGMobi */ = {
			isa = PBXNativeTarget;
			buildConfigurationList = D403064F26686E69006E506B /* Build configuration list for PBXNativeTarget "AGMobi" */;
			buildPhases = (
				D403064426686E69006E506B /* Sources */,
				D403064526686E69006E506B /* Frameworks */,
				D403064626686E69006E506B /* CopyFiles */,
			);
			buildRules = (
			);
			dependencies = (
			);
			name = AGMobi;
			productName = AGMobi;
			productReference = D403064826686E69006E506B /* AGMobi */;
			productType = "com.apple.product-type.tool";
		};
/* End PBXNativeTarget section */

/* Begin PBXProject section */
		D403064026686E69006E506B /* Project object */ = {
			isa = PBXProject;
			attributes = {
				LastUpgradeCheck = 1250;
				TargetAttributes = {
					D403064726686E69006E506B = {
						CreatedOnToolsVersion = 12.5;
					};
				};
			};
			buildConfigurationList = D403064326686E69006E506B /* Build configuration list for PBXProject "AGMobi" */;
			compatibilityVersion = "Xcode 9.3";
			developmentRegion = en;
			hasScannedForEncodings = 0;
			knownRegions = (
				en,
				Base,
			);
			mainGroup = D403063F26686E69006E506B;
			productRefGroup = D403064926686E69006E506B /* Products */;
			projectDirPath = "";
			projectRoot = "";
			targets = (
				D403064726686E69006E506B /* AGMobi */,
			);
		};
/* End PBXProject section */

/* Begin PBXSourcesBuildPhase section */
		D403064426686E69006E506B /* Sources */ = {
			isa = PBXSourcesBuildPhase;
			buildActionMask = 2147483647;
			files = (
				D4DFC9DC266A744300EA3057 /* global_variables.c in Sources */,
				D4DFC9DF266A762600EA3057 /* constantes.c in Sources */,
				D403064C26686E69006E506B /* main.c in Sources */,
				D4C00A0426824FA600F96026 /* rot_charge.c in Sources */,
			);
			runOnlyForDeploymentPostprocessing = 0;
		};
/* End PBXSourcesBuildPhase section */

/* Begin XCBuildConfiguration section */
		D403064D26686E69006E506B /* Debug */ = {
			isa = XCBuildConfiguration;
			buildSettings = {
				ALWAYS_SEARCH_USER_PATHS = NO;
				CLANG_ANALYZER_NONNULL = YES;
				CLANG_ANALYZER_NUMBER_OBJECT_CONVERSION = YES_AGGRESSIVE;
				CLANG_CXX_LANGUAGE_STANDARD = "gnu++14";
				CLANG_CXX_LIBRARY = "libc++";
				CLANG_ENABLE_MODULES = YES;
				CLANG_ENABLE_OBJC_ARC = YES;
				CLANG_ENABLE_OBJC_WEAK = YES;
				CLANG_WARN_BLOCK_CAPTURE_AUTORELEASING = YES;
				CLANG_WARN_BOOL_CONVERSION = YES;
				CLANG_WARN_COMMA = YES;
				CLANG_WARN_CONSTANT_CONVERSION = YES;
				CLANG_WARN_DEPRECATED_OBJC_IMPLEMENTATIONS = YES;
				CLANG_WARN_DIRECT_OBJC_ISA_USAGE = YES_ERROR;
				CLANG_WARN_DOCUMENTATION_COMMENTS = YES;
				CLANG_WARN_EMPTY_BODY = YES;
				CLANG_WARN_ENUM_CONVERSION = YES;
				CLANG_WARN_INFINITE_RECURSION = YES;
				CLANG_WARN_INT_CONVERSION = YES;
				CLANG_WARN_NON_LITERAL_NULL_CONVERSION = YES;
				CLANG_WARN_OBJC_IMPLICIT_RETAIN_SELF = YES;
				CLANG_WARN_OBJC_LITERAL_CONVERSION = YES;
				CLANG_WARN_OBJC_ROOT_CLASS = YES_ERROR;
				CLANG_WARN_QUOTED_INCLUDE_IN_FRAMEWORK_HEADER = YES;
				CLANG_WARN_RANGE_LOOP_ANALYSIS = YES;
				CLANG_WARN_STRICT_PROTOTYPES = YES;
				CLANG_WARN_SUSPICIOUS_MOVE = YES;
				CLANG_WARN_UNGUARDED_AVAILABILITY = YES_AGGRESSIVE;
				CLANG_WARN_UNREACHABLE_CODE = YES;
				CLANG_WARN__DUPLICATE_METHOD_MATCH = YES;
				COPY_PHASE_STRIP = NO;
				DEBUG_INFORMATION_FORMAT = dwarf;
				ENABLE_STRICT_OBJC_MSGSEND = YES;
				ENABLE_TESTABILITY = YES;
				GCC_C_LANGUAGE_STANDARD = gnu11;
				GCC_DYNAMIC_NO_PIC = NO;
				GCC_NO_COMMON_BLOCKS = YES;
				GCC_OPTIMIZATION_LEVEL = 0;
				GCC_PREPROCESSOR_DEFINITIONS = (
					"DEBUG=1",
					"$(inherited)",
				);
				GCC_WARN_64_TO_32_BIT_CONVERSION = YES;
				GCC_WARN_ABOUT_RETURN_TYPE = YES_ERROR;
				GCC_WARN_UNDECLARED_SELECTOR = YES;
				GCC_WARN_UNINITIALIZED_AUTOS = YES_AGGRESSIVE;
				GCC_WARN_UNUSED_FUNCTION = YES;
				GCC_WARN_UNUSED_VARIABLE = YES;
				MACOSX_DEPLOYMENT_TARGET = 11.3;
				MTL_ENABLE_DEBUG_INFO = INCLUDE_SOURCE;
				MTL_FAST_MATH = YES;
				ONLY_ACTIVE_ARCH = YES;
				SDKROOT = macosx;
			};
			name = Debug;
		};
		D403064E26686E69006E506B /* Release */ = {
			isa = XCBuildConfiguration;
			buildSettings = {
				ALWAYS_SEARCH_USER_PATHS = NO;
				CLANG_ANALYZER_NONNULL = YES;
				CLANG_ANALYZER_NUMBER_OBJECT_CONVERSION = YES_AGGRESSIVE;
				CLANG_CXX_LANGUAGE_STANDARD = "gnu++14";
				CLANG_CXX_LIBRARY = "libc++";
				CLANG_ENABLE_MODULES = YES;
				CLANG_ENABLE_OBJC_ARC = YES;
				CLANG_ENABLE_OBJC_WEAK = YES;
				CLANG_WARN_BLOCK_CAPTURE_AUTORELEASING = YES;
				CLANG_WARN_BOOL_CONVERSION = YES;
				CLANG_WARN_COMMA = YES;
				CLANG_WARN_CONSTANT_CONVERSION = YES;
				CLANG_WARN_DEPRECATED_OBJC_IMPLEMENTATIONS = YES;
				CLANG_WARN_DIRECT_OBJC_ISA_USAGE = YES_ERROR;
				CLANG_WARN_DOCUMENTATION_COMMENTS = YES;
				CLANG_WARN_EMPTY_BODY = YES;
				CLANG_WARN_ENUM_CONVERSION = YES;
				CLANG_WARN_INFINITE_RECURSION = YES;
				CLANG_WARN_INT_CONVERSION = YES;
				CLANG_WARN_NON_LITERAL_NULL_CONVERSION = YES;
				CLANG_WARN_OBJC_IMPLICIT_RETAIN_SELF = YES;
				CLANG_WARN_OBJC_LITERAL_CONVERSION = YES;
				CLANG_WARN_OBJC_ROOT_CLASS = YES_ERROR;
				CLANG_WARN_QUOTED_INCLUDE_IN_FRAMEWORK_HEADER = YES;
				CLANG_WARN_RANGE_LOOP_ANALYSIS = YES;
				CLANG_WARN_STRICT_PROTOTYPES = YES;
				CLANG_WARN_SUSPICIOUS_MOVE = YES;
				CLANG_WARN_UNGUARDED_AVAILABILITY = YES_AGGRESSIVE;
				CLANG_WARN_UNREACHABLE_CODE = YES;
				CLANG_WARN__DUPLICATE_METHOD_MATCH = YES;
				COPY_PHASE_STRIP = NO;
				DEBUG_INFORMATION_FORMAT = "dwarf-with-dsym";
				ENABLE_NS_ASSERTIONS = NO;
				ENABLE_STRICT_OBJC_MSGSEND = YES;
				GCC_C_LANGUAGE_STANDARD = gnu11;
				GCC_NO_COMMON_BLOCKS = YES;
				GCC_WARN_64_TO_32_BIT_CONVERSION = YES;
				GCC_WARN_ABOUT_RETURN_TYPE = YES_ERROR;
				GCC_WARN_UNDECLARED_SELECTOR = YES;
				GCC_WARN_UNINITIALIZED_AUTOS = YES_AGGRESSIVE;
				GCC_WARN_UNUSED_FUNCTION = YES;
				GCC_WARN_UNUSED_VARIABLE = YES;
				MACOSX_DEPLOYMENT_TARGET = 11.3;
				MTL_ENABLE_DEBUG_INFO = NO;
				MTL_FAST_MATH = YES;
				SDKROOT = macosx;
			};
			name = Release;
		};
		D403065026686E69006E506B /* Debug */ = {
			isa = XCBuildConfiguration;
			buildSettings = {
				CODE_SIGN_STYLE = Automatic;
				DEVELOPMENT_TEAM = C9L8ZL2H32;
				ENABLE_HARDENED_RUNTIME = YES;
				HEADER_SEARCH_PATHS = /usr/local/Cellar/libmodbus/3.1.6/include/modbus;
				OTHER_CFLAGS = (
					"-I/usr/local/Cellar/libmodbus/3.1.6/include/modbus",
					"-L/usr/local/Cellar/libmodbus/3.1.6/lib",
					"-lmodbus",
				);
				OTHER_LDFLAGS = (
					"-I/usr/local/Cellar/libmodbus/3.1.6/include/modbus",
					"-L/usr/local/Cellar/libmodbus/3.1.6/lib",
					"-lmodbus",
				);
				PRODUCT_NAME = "$(TARGET_NAME)";
			};
			name = Debug;
		};
		D403065126686E69006E506B /* Release */ = {
			isa = XCBuildConfiguration;
			buildSettings = {
				CODE_SIGN_STYLE = Automatic;
				DEVELOPMENT_TEAM = C9L8ZL2H32;
				ENABLE_HARDENED_RUNTIME = YES;
				HEADER_SEARCH_PATHS = /usr/local/Cellar/libmodbus/3.1.6/include/modbus;
				OTHER_CFLAGS = (
					"-I/usr/local/Cellar/libmodbus/3.1.6/include/modbus",
					"-L/usr/local/Cellar/libmodbus/3.1.6/lib",
					"-lmodbus",
				);
				OTHER_LDFLAGS = (
					"-I/usr/local/Cellar/libmodbus/3.1.6/include/modbus",
					"-L/usr/local/Cellar/libmodbus/3.1.6/lib",
					"-lmodbus",
				);
				PRODUCT_NAME = "$(TARGET_NAME)";
			};
			name = Release;
		};
/* End XCBuildConfiguration section */

/* Begin XCConfigurationList section */
		D403064326686E69006E506B /* Build configuration list for PBXProject "AGMobi" */ = {
			isa = XCConfigurationList;
			buildConfigurations = (
				D403064D26686E69006E506B /* Debug */,
				D403064E26686E69006E506B /* Release */,
			);
			defaultConfigurationIsVisible = 0;
			defaultConfigurationName = Release;
		};
		D403064F26686E69006E506B /* Build configuration list for PBXNativeTarget "AGMobi" */ = {
			isa = XCConfigurationList;
			buildConfigurations = (
				D403065026686E69006E506B /* Debug */,
				D403065126686E69006E506B /* Release */,
			);
			defaultConfigurationIsVisible = 0;
			defaultConfigurationName = Release;
		};
/* End XCConfigurationList section */
	};
	rootObject = D403064026686E69006E506B /* Project object */;
}
